// !$*UTF8*$!
{
	archiveVersion = 1;
	classes = {
	};
	objectVersion = 50;
	objects = {

/* Begin PBXBuildFile section */
		A3B4248C2394A2B7007DE372 /* AppDelegate.swift in Sources */ = {isa = PBXBuildFile; fileRef = A3B4248B2394A2B7007DE372 /* AppDelegate.swift */; };
		A3B4248E2394A2B7007DE372 /* SceneDelegate.swift in Sources */ = {isa = PBXBuildFile; fileRef = A3B4248D2394A2B7007DE372 /* SceneDelegate.swift */; };
		A3B424902394A2B7007DE372 /* ViewController.swift in Sources */ = {isa = PBXBuildFile; fileRef = A3B4248F2394A2B7007DE372 /* ViewController.swift */; };
		A3B424932394A2B7007DE372 /* Main.storyboard in Resources */ = {isa = PBXBuildFile; fileRef = A3B424912394A2B7007DE372 /* Main.storyboard */; };
		A3B424952394A2BA007DE372 /* Assets.xcassets in Resources */ = {isa = PBXBuildFile; fileRef = A3B424942394A2BA007DE372 /* Assets.xcassets */; };
		A3B424982394A2BA007DE372 /* LaunchScreen.storyboard in Resources */ = {isa = PBXBuildFile; fileRef = A3B424962394A2BA007DE372 /* LaunchScreen.storyboard */; };
/* End PBXBuildFile section */

/* Begin PBXFileReference section */
		A3B424882394A2B7007DE372 /* Demo13.app */ = {isa = PBXFileReference; explicitFileType = wrapper.application; includeInIndex = 0; path = Demo13.app; sourceTree = BUILT_PRODUCTS_DIR; };
		A3B4248B2394A2B7007DE372 /* AppDelegate.swift */ = {isa = PBXFileReference; lastKnownFileType = sourcecode.swift; path = AppDelegate.swift; sourceTree = "<group>"; };
		A3B4248D2394A2B7007DE372 /* SceneDelegate.swift */ = {isa = PBXFileReference; lastKnownFileType = sourcecode.swift; path = SceneDelegate.swift; sourceTree = "<group>"; };
		A3B4248F2394A2B7007DE372 /* ViewController.swift */ = {isa = PBXFileReference; lastKnownFileType = sourcecode.swift; path = ViewController.swift; sourceTree = "<group>"; };
		A3B424922394A2B7007DE372 /* Base */ = {isa = PBXFileReference; lastKnownFileType = file.storyboard; name = Base; path = Base.lproj/Main.storyboard; sourceTree = "<group>"; };
		A3B424942394A2BA007DE372 /* Assets.xcassets */ = {isa = PBXFileReference; lastKnownFileType = folder.assetcatalog; path = Assets.xcassets; sourceTree = "<group>"; };
		A3B424972394A2BA007DE372 /* Base */ = {isa = PBXFileReference; lastKnownFileType = file.storyboard; name = Base; path = Base.lproj/LaunchScreen.storyboard; sourceTree = "<group>"; };
		A3B424992394A2BA007DE372 /* Info.plist */ = {isa = PBXFileReference; lastKnownFileType = text.plist.xml; path = Info.plist; sourceTree = "<group>"; };
/* End PBXFileReference section */

/* Begin PBXFrameworksBuildPhase section */
		A3B424852394A2B7007DE372 /* Frameworks */ = {
			isa = PBXFrameworksBuildPhase;
			buildActionMask = 2147483647;
			files = (
			);
			runOnlyForDeploymentPostprocessing = 0;
		};
/* End PBXFrameworksBuildPhase section */

/* Begin PBXGroup section */
		A3B4247F2394A2B7007DE372 = {
			isa = PBXGroup;
			children = (
				A3B4248A2394A2B7007DE372 /* Demo13 */,
				A3B424892394A2B7007DE372 /* Products */,
			);
			sourceTree = "<group>";
		};
		A3B424892394A2B7007DE372 /* Products */ = {
			isa = PBXGroup;
			children = (
				A3B424882394A2B7007DE372 /* Demo13.app */,
			);
			name = Products;
			sourceTree = "<group>";
		};
		A3B4248A2394A2B7007DE372 /* Demo13 */ = {
			isa = PBXGroup;
			children = (
				A3B4248B2394A2B7007DE372 /* AppDelegate.swift */,
				A3B4248D2394A2B7007DE372 /* SceneDelegate.swift */,
				A3B4248F2394A2B7007DE372 /* ViewController.swift */,
				A3B424912394A2B7007DE372 /* Main.storyboard */,
				A3B424942394A2BA007DE372 /* Assets.xcassets */,
				A3B424962394A2BA007DE372 /* LaunchScreen.storyboard */,
				A3B424992394A2BA007DE372 /* Info.plist */,
			);
			path = Demo13;
			sourceTree = "<group>";
		};
/* End PBXGroup section */

/* Begin PBXNativeTarget section */
		A3B424872394A2B7007DE372 /* Demo13 */ = {
			isa = PBXNativeTarget;
			buildConfigurationList = A3B4249C2394A2BA007DE372 /* Build configuration list for PBXNativeTarget "Demo13" */;
			buildPhases = (
				A3B424842394A2B7007DE372 /* Sources */,
				A3B424852394A2B7007DE372 /* Frameworks */,
				A3B424862394A2B7007DE372 /* Resources */,
			);
			buildRules = (
			);
			dependencies = (
			);
			name = Demo13;
			productName = Demo13;
			productReference = A3B424882394A2B7007DE372 /* Demo13.app */;
			productType = "com.apple.product-type.application";
		};
/* End PBXNativeTarget section */

/* Begin PBXProject section */
		A3B424802394A2B7007DE372 /* Project object */ = {
			isa = PBXProject;
			attributes = {
				LastSwiftUpdateCheck = 1110;
				LastUpgradeCheck = 1110;
				ORGANIZATIONNAME = "AUTO SERVER";
				TargetAttributes = {
					A3B424872394A2B7007DE372 = {
						CreatedOnToolsVersion = 11.1;
					};
				};
			};
			buildConfigurationList = A3B424832394A2B7007DE372 /* Build configuration list for PBXProject "Demo13" */;
			compatibilityVersion = "Xcode 9.3";
			developmentRegion = en;
			hasScannedForEncodings = 0;
			knownRegions = (
				en,
				Base,
			);
			mainGroup = A3B4247F2394A2B7007DE372;
			productRefGroup = A3B424892394A2B7007DE372 /* Products */;
			projectDirPath = "";
			projectRoot = "";
			targets = (
				A3B424872394A2B7007DE372 /* Demo13 */,
			);
		};
/* End PBXProject section */

/* Begin PBXResourcesBuildPhase section */
		A3B424862394A2B7007DE372 /* Resources */ = {
			isa = PBXResourcesBuildPhase;
			buildActionMask = 2147483647;
			files = (
				A3B424982394A2BA007DE372 /* LaunchScreen.storyboard in Resources */,
				A3B424952394A2BA007DE372 /* Assets.xcassets in Resources */,
				A3B424932394A2B7007DE372 /* Main.storyboard in Resources */,
			);
			runOnlyForDeploymentPostprocessing = 0;
		};
/* End PBXResourcesBuildPhase section */

/* Begin PBXSourcesBuildPhase section */
		A3B424842394A2B7007DE372 /* Sources */ = {
			isa = PBXSourcesBuildPhase;
			buildActionMask = 2147483647;
			files = (
				A3B424902394A2B7007DE372 /* ViewController.swift in Sources */,
				A3B4248C2394A2B7007DE372 /* AppDelegate.swift in Sources */,
				A3B4248E2394A2B7007DE372 /* SceneDelegate.swift in Sources */,
			);
			runOnlyForDeploymentPostprocessing = 0;
		};
/* End PBXSourcesBuildPhase section */

/* Begin PBXVariantGroup section */
		A3B424912394A2B7007DE372 /* Main.storyboard */ = {
			isa = PBXVariantGroup;
			children = (
				A3B424922394A2B7007DE372 /* Base */,
			);
			name = Main.storyboard;
			sourceTree = "<group>";
		};
		A3B424962394A2BA007DE372 /* LaunchScreen.storyboard */ = {
			isa = PBXVariantGroup;
			children = (
				A3B424972394A2BA007DE372 /* Base */,
			);
			name = LaunchScreen.storyboard;
			sourceTree = "<group>";
		};
/* End PBXVariantGroup section */

/* Begin XCBuildConfiguration section */
		A3B4249A2394A2BA007DE372 /* Debug */ = {
			isa = XCBuildConfiguration;
			buildSettings = {
				ALWAYS_SEARCH_USER_PATHS = NO;
				CLANG_ANALYZER_NONNULL = YES;
				CLANG_ANALYZER_NUMBER_OBJECT_CONVERSION = YES_AGGRESSIVE;
				CLANG_CXX_LANGUAGE_STANDARD = "gnu++14";
				CLANG_CXX_LIBRARY = "libc++";
				CLANG_ENABLE_MODULES = YES;
				CLANG_ENABLE_OBJC_ARC = YES;
				CLANG_ENABLE_OBJC_WEAK = YES;
				CLANG_WARN_BLOCK_CAPTURE_AUTORELEASING = YES;
				CLANG_WARN_BOOL_CONVERSION = YES;
				CLANG_WARN_COMMA = YES;
				CLANG_WARN_CONSTANT_CONVERSION = YES;
				CLANG_WARN_DEPRECATED_OBJC_IMPLEMENTATIONS = YES;
				CLANG_WARN_DIRECT_OBJC_ISA_USAGE = YES_ERROR;
				CLANG_WARN_DOCUMENTATION_COMMENTS = YES;
				CLANG_WARN_EMPTY_BODY = YES;
				CLANG_WARN_ENUM_CONVERSION = YES;
				CLANG_WARN_INFINITE_RECURSION = YES;
				CLANG_WARN_INT_CONVERSION = YES;
				CLANG_WARN_NON_LITERAL_NULL_CONVERSION = YES;
				CLANG_WARN_OBJC_IMPLICIT_RETAIN_SELF = YES;
				CLANG_WARN_OBJC_LITERAL_CONVERSION = YES;
				CLANG_WARN_OBJC_ROOT_CLASS = YES_ERROR;
				CLANG_WARN_RANGE_LOOP_ANALYSIS = YES;
				CLANG_WARN_STRICT_PROTOTYPES = YES;
				CLANG_WARN_SUSPICIOUS_MOVE = YES;
				CLANG_WARN_UNGUARDED_AVAILABILITY = YES_AGGRESSIVE;
				CLANG_WARN_UNREACHABLE_CODE = YES;
				CLANG_WARN__DUPLICATE_METHOD_MATCH = YES;
				COPY_PHASE_STRIP = NO;
				DEBUG_INFORMATION_FORMAT = dwarf;
				ENABLE_STRICT_OBJC_MSGSEND = YES;
				ENABLE_TESTABILITY = YES;
				GCC_C_LANGUAGE_STANDARD = gnu11;
				GCC_DYNAMIC_NO_PIC = NO;
				GCC_NO_COMMON_BLOCKS = YES;
				GCC_OPTIMIZATION_LEVEL = 0;
				GCC_PREPROCESSOR_DEFINITIONS = (
					"DEBUG=1",
					"$(inherited)",
				);
				GCC_WARN_64_TO_32_BIT_CONVERSION = YES;
				GCC_WARN_ABOUT_RETURN_TYPE = YES_ERROR;
				GCC_WARN_UNDECLARED_SELECTOR = YES;
				GCC_WARN_UNINITIALIZED_AUTOS = YES_AGGRESSIVE;
				GCC_WARN_UNUSED_FUNCTION = YES;
				GCC_WARN_UNUSED_VARIABLE = YES;
				IPHONEOS_DEPLOYMENT_TARGET = 13.1;
				MTL_ENABLE_DEBUG_INFO = INCLUDE_SOURCE;
				MTL_FAST_MATH = YES;
				ONLY_ACTIVE_ARCH = YES;
				SDKROOT = iphoneos;
				SWIFT_ACTIVE_COMPILATION_CONDITIONS = DEBUG;
				SWIFT_OPTIMIZATION_LEVEL = "-Onone";
			};
			name = Debug;
		};
		A3B4249B2394A2BA007DE372 /* Release */ = {
			isa = XCBuildConfiguration;
			buildSettings = {
				ALWAYS_SEARCH_USER_PATHS = NO;
				CLANG_ANALYZER_NONNULL = YES;
				CLANG_ANALYZER_NUMBER_OBJECT_CONVERSION = YES_AGGRESSIVE;
				CLANG_CXX_LANGUAGE_STANDARD = "gnu++14";
				CLANG_CXX_LIBRARY = "libc++";
				CLANG_ENABLE_MODULES = YES;
				CLANG_ENABLE_OBJC_ARC = YES;
				CLANG_ENABLE_OBJC_WEAK = YES;
				CLANG_WARN_BLOCK_CAPTURE_AUTORELEASING = YES;
				CLANG_WARN_BOOL_CONVERSION = YES;
				CLANG_WARN_COMMA = YES;
				CLANG_WARN_CONSTANT_CONVERSION = YES;
				CLANG_WARN_DEPRECATED_OBJC_IMPLEMENTATIONS = YES;
				CLANG_WARN_DIRECT_OBJC_ISA_USAGE = YES_ERROR;
				CLANG_WARN_DOCUMENTATION_COMMENTS = YES;
				CLANG_WARN_EMPTY_BODY = YES;
				CLANG_WARN_ENUM_CONVERSION = YES;
				CLANG_WARN_INFINITE_RECURSION = YES;
				CLANG_WARN_INT_CONVERSION = YES;
				CLANG_WARN_NON_LITERAL_NULL_CONVERSION = YES;
				CLANG_WARN_OBJC_IMPLICIT_RETAIN_SELF = YES;
				CLANG_WARN_OBJC_LITERAL_CONVERSION = YES;
				CLANG_WARN_OBJC_ROOT_CLASS = YES_ERROR;
				CLANG_WARN_RANGE_LOOP_ANALYSIS = YES;
				CLANG_WARN_STRICT_PROTOTYPES = YES;
				CLANG_WARN_SUSPICIOUS_MOVE = YES;
				CLANG_WARN_UNGUARDED_AVAILABILITY = YES_AGGRESSIVE;
				CLANG_WARN_UNREACHABLE_CODE = YES;
				CLANG_WARN__DUPLICATE_METHOD_MATCH = YES;
				COPY_PHASE_STRIP = NO;
				DEBUG_INFORMATION_FORMAT = "dwarf-with-dsym";
				ENABLE_NS_ASSERTIONS = NO;
				ENABLE_STRICT_OBJC_MSGSEND = YES;
				GCC_C_LANGUAGE_STANDARD = gnu11;
				GCC_NO_COMMON_BLOCKS = YES;
				GCC_WARN_64_TO_32_BIT_CONVERSION = YES;
				GCC_WARN_ABOUT_RETURN_TYPE = YES_ERROR;
				GCC_WARN_UNDECLARED_SELECTOR = YES;
				GCC_WARN_UNINITIALIZED_AUTOS = YES_AGGRESSIVE;
				GCC_WARN_UNUSED_FUNCTION = YES;
				GCC_WARN_UNUSED_VARIABLE = YES;
				IPHONEOS_DEPLOYMENT_TARGET = 13.1;
				MTL_ENABLE_DEBUG_INFO = NO;
				MTL_FAST_MATH = YES;
				SDKROOT = iphoneos;
				SWIFT_COMPILATION_MODE = wholemodule;
				SWIFT_OPTIMIZATION_LEVEL = "-O";
				VALIDATE_PRODUCT = YES;
			};
			name = Release;
		};
		A3B4249D2394A2BA007DE372 /* Debug */ = {
			isa = XCBuildConfiguration;
			buildSettings = {
				ASSETCATALOG_COMPILER_APPICON_NAME = AppIcon;
				CODE_SIGN_STYLE = Automatic;
				DEVELOPMENT_TEAM = GTMDGHV8V5;
				INFOPLIST_FILE = Demo13/Info.plist;
				LD_RUNPATH_SEARCH_PATHS = (
					"$(inherited)",
					"@executable_path/Frameworks",
				);
				PRODUCT_BUNDLE_IDENTIFIER = AutoServer.Study.Demo13;
				PRODUCT_NAME = "$(TARGET_NAME)";
				SWIFT_VERSION = 5.0;
				TARGETED_DEVICE_FAMILY = "1,2";
			};
			name = Debug;
		};
		A3B4249E2394A2BA007DE372 /* Release */ = {
			isa = XCBuildConfiguration;
			buildSettings = {
				ASSETCATALOG_COMPILER_APPICON_NAME = AppIcon;
				CODE_SIGN_STYLE = Automatic;
				DEVELOPMENT_TEAM = GTMDGHV8V5;
				INFOPLIST_FILE = Demo13/Info.plist;
				LD_RUNPATH_SEARCH_PATHS = (
					"$(inherited)",
					"@executable_path/Frameworks",
				);
				PRODUCT_BUNDLE_IDENTIFIER = AutoServer.Study.Demo13;
				PRODUCT_NAME = "$(TARGET_NAME)";
				SWIFT_VERSION = 5.0;
				TARGETED_DEVICE_FAMILY = "1,2";
			};
			name = Release;
		};
/* End XCBuildConfiguration section */

/* Begin XCConfigurationList section */
		A3B424832394A2B7007DE372 /* Build configuration list for PBXProject "Demo13" */ = {
			isa = XCConfigurationList;
			buildConfigurations = (
				A3B4249A2394A2BA007DE372 /* Debug */,
				A3B4249B2394A2BA007DE372 /* Release */,
			);
			defaultConfigurationIsVisible = 0;
			defaultConfigurationName = Release;
		};
		A3B4249C2394A2BA007DE372 /* Build configuration list for PBXNativeTarget "Demo13" */ = {
			isa = XCConfigurationList;
			buildConfigurations = (
				A3B4249D2394A2BA007DE372 /* Debug */,
				A3B4249E2394A2BA007DE372 /* Release */,
			);
			defaultConfigurationIsVisible = 0;
			defaultConfigurationName = Release;
		};
/* End XCConfigurationList section */
	};
	rootObject = A3B424802394A2B7007DE372 /* Project object */;
}
